{
  "nodes": {
    "disko": {
      "inputs": {
        "nixpkgs": [
          "nixpkgs"
        ]
      },
      "locked": {
        "lastModified": 1708937736,
        "narHash": "sha256-enqsAui8sW/vMvGNn7Ed1RZpbcq+i5kDabBjKPSsr18=",
        "owner": "zolfariot",
        "repo": "disko",
        "rev": "555d4495637d5e2d6923849b84b6316a7973135e",
        "type": "github"
      },
      "original": {
        "owner": "zolfariot",
        "ref": "feature/clevisPin",
        "repo": "disko",
        "type": "github"
      }
    },
    "nixpkgs": {
      "locked": {
        "lastModified": 1708942651,
        "narHash": "sha256-Ug2SnNYZSoGV265xru8Lygz3kIo/IqkYgZjMmCBl9bo=",
        "owner": "zolfariot",
        "repo": "nixpkgs",
        "rev": "4ed098e7d438defc8e8af2c8c0fd12c3356c89e4",
        "type": "github"
      },
      "original": {
        "owner": "zolfariot",
        "ref": "zolfa-test",
        "repo": "nixpkgs",
        "type": "github"
      }
    },
    "root": {
      "inputs": {
        "disko": "disko",
        "nixpkgs": "nixpkgs"
      }
    }
  },
  "root": "root",
  "version": 7
}
