{
  "nodes": {
    "disko": {
      "inputs": {
        "nixpkgs": [
          "nixpkgs"
        ]
      },
      "locked": {
        "lastModified": 1709590682,
        "narHash": "sha256-iL++LToZbn3q0JcGVApiLNYv0azCKRojxwQbXztpXYs=",
        "owner": "zolfariot",
        "repo": "disko",
        "rev": "df208033390b1161d88b8feb0966636c69c2a932",
        "type": "github"
      },
      "original": {
        "owner": "zolfariot",
        "ref": "feature/clevisPin",
        "repo": "disko",
        "type": "github"
      }
    },
    "nixpkgs": {
      "locked": {
        "lastModified": 1712253805,
        "narHash": "sha256-YFtys+NjwDo9wCK1Cu7alv2s5Zhb+df+HGnCZ9WuzkE=",
        "owner": "zolfariot",
        "repo": "nixpkgs",
        "rev": "53ff64d10a9ae201a06cd7deebef5f1afcc53238",
        "type": "github"
      },
      "original": {
        "owner": "zolfariot",
        "ref": "znet",
        "repo": "nixpkgs",
        "type": "github"
      }
    },
    "nixpkgs-stable": {
      "locked": {
        "lastModified": 1713638189,
        "narHash": "sha256-q7APLfB6FmmSMI1Su5ihW9IwntBsk2hWNXh8XtSdSIk=",
        "owner": "NixOS",
        "repo": "nixpkgs",
        "rev": "74574c38577914733b4f7a775dd77d24245081dd",
        "type": "github"
      },
      "original": {
        "owner": "NixOS",
        "ref": "release-23.11",
        "repo": "nixpkgs",
        "type": "github"
      }
    },
    "root": {
      "inputs": {
        "disko": "disko",
        "nixpkgs": "nixpkgs",
        "sops-nix": "sops-nix"
      }
    },
    "sops-nix": {
      "inputs": {
        "nixpkgs": [
          "nixpkgs"
        ],
        "nixpkgs-stable": "nixpkgs-stable"
      },
      "locked": {
        "lastModified": 1713892811,
        "narHash": "sha256-uIGmA2xq41vVFETCF1WW4fFWFT2tqBln+aXnWrvjGRE=",
        "owner": "Mic92",
        "repo": "sops-nix",
        "rev": "f1b0adc27265274e3b0c9b872a8f476a098679bd",
        "type": "github"
      },
      "original": {
        "owner": "Mic92",
        "repo": "sops-nix",
        "type": "github"
      }
    }
  },
  "root": "root",
  "version": 7
}
