{
  "nodes": {
    "disko": {
      "inputs": {
        "nixpkgs": [
          "nixpkgs"
        ]
      },
      "locked": {
        "lastModified": 1709590682,
        "narHash": "sha256-iL++LToZbn3q0JcGVApiLNYv0azCKRojxwQbXztpXYs=",
        "owner": "zolfariot",
        "repo": "disko",
        "rev": "df208033390b1161d88b8feb0966636c69c2a932",
        "type": "github"
      },
      "original": {
        "owner": "zolfariot",
        "ref": "feature/clevisPin",
        "repo": "disko",
        "type": "github"
      }
    },
    "nixpkgs": {
      "locked": {
        "lastModified": 1712253805,
        "narHash": "sha256-YFtys+NjwDo9wCK1Cu7alv2s5Zhb+df+HGnCZ9WuzkE=",
        "owner": "zolfariot",
        "repo": "nixpkgs",
        "rev": "53ff64d10a9ae201a06cd7deebef5f1afcc53238",
        "type": "github"
      },
      "original": {
        "owner": "zolfariot",
        "ref": "znet",
        "repo": "nixpkgs",
        "type": "github"
      }
    },
    "root": {
      "inputs": {
        "disko": "disko",
        "nixpkgs": "nixpkgs"
      }
    }
  },
  "root": "root",
  "version": 7
}
